
Microsoft Visual Studio Solution File, Format Version 12.00
# Visual Studio Version 17
VisualStudioVersion = 17.14.36623.8 d17.14
MinimumVisualStudioVersion = 10.0.40219.1
Project("{FAE04EC0-301F-11D3-BF4B-00C04F79EFBC}") = "FactoryDesignPattern", "FactoryDesignPattern\FactoryDesignPattern.csproj", "{8C471FB9-7CD4-4361-BC35-7930A4D14D45}"
EndProject
Global
	GlobalSection(SolutionConfigurationPlatforms) = preSolution
		Debug|Any CPU = Debug|Any CPU
		Release|Any CPU = Release|Any CPU
	EndGlobalSection
	GlobalSection(ProjectConfigurationPlatforms) = postSolution
		{8C471FB9-7CD4-4361-BC35-7930A4D14D45}.Debug|Any CPU.ActiveCfg = Debug|Any CPU
		{8C471FB9-7CD4-4361-BC35-7930A4D14D45}.Debug|Any CPU.Build.0 = Debug|Any CPU
		{8C471FB9-7CD4-4361-BC35-7930A4D14D45}.Release|Any CPU.ActiveCfg = Release|Any CPU
		{8C471FB9-7CD4-4361-BC35-7930A4D14D45}.Release|Any CPU.Build.0 = Release|Any CPU
	EndGlobalSection
	GlobalSection(SolutionProperties) = preSolution
		HideSolutionNode = FALSE
	EndGlobalSection
	GlobalSection(ExtensibilityGlobals) = postSolution
		SolutionGuid = {1721CAAA-63F8-4348-94BF-48B722F54CF5}
	EndGlobalSection
EndGlobal
